{
  "name": "kotlinx-serialization-csv-flf",
  "version": "unspecified",
  "lockfileVersion": 3,
  "requires": true,
  "packages": {
    "": {
      "name": "kotlinx-serialization-csv-flf",
      "version": "unspecified",
      "workspaces": [
        "packages/kotlinx-serialization-csv-flf-kotlinx-serialization-csv",
        "packages/kotlinx-serialization-csv-flf-kotlinx-serialization-csv-test",
        "packages/kotlinx-serialization-csv-flf-kotlinx-serialization-flf",
        "packages/kotlinx-serialization-csv-flf-kotlinx-serialization-flf-test"
      ],
      "devDependencies": {}
    },
    "node_modules/kotlinx-serialization-csv-flf-kotlinx-serialization-csv": {
      "resolved": "packages/kotlinx-serialization-csv-flf-kotlinx-serialization-csv",
      "link": true
    },
    "node_modules/kotlinx-serialization-csv-flf-kotlinx-serialization-csv-test": {
      "resolved": "packages/kotlinx-serialization-csv-flf-kotlinx-serialization-csv-test",
      "link": true
    },
    "node_modules/kotlinx-serialization-csv-flf-kotlinx-serialization-flf": {
      "resolved": "packages/kotlinx-serialization-csv-flf-kotlinx-serialization-flf",
      "link": true
    },
    "node_modules/kotlinx-serialization-csv-flf-kotlinx-serialization-flf-test": {
      "resolved": "packages/kotlinx-serialization-csv-flf-kotlinx-serialization-flf-test",
      "link": true
    },
    "packages/kotlinx-serialization-csv-flf-kotlinx-serialization-csv": {
      "version": "0.0.0-unspecified",
      "devDependencies": {}
    },
    "packages/kotlinx-serialization-csv-flf-kotlinx-serialization-csv-test": {
      "version": "0.0.0-unspecified",
      "devDependencies": {}
    },
    "packages/kotlinx-serialization-csv-flf-kotlinx-serialization-flf": {
      "version": "0.0.0-unspecified",
      "devDependencies": {}
    },
    "packages/kotlinx-serialization-csv-flf-kotlinx-serialization-flf-test": {
      "version": "0.0.0-unspecified",
      "devDependencies": {}
    }
  }
}
