{
  "name": "kotlinx-serialization-csv",
  "version": "unspecified",
  "lockfileVersion": 3,
  "requires": true,
  "packages": {
    "": {
      "name": "kotlinx-serialization-csv",
      "version": "unspecified",
      "workspaces": [
        "packages/kotlinx-serialization-csv-core",
        "packages/kotlinx-serialization-csv-core-test"
      ],
      "devDependencies": {}
    },
    "node_modules/kotlinx-serialization-csv-core": {
      "resolved": "packages/kotlinx-serialization-csv-core",
      "link": true
    },
    "node_modules/kotlinx-serialization-csv-core-test": {
      "resolved": "packages/kotlinx-serialization-csv-core-test",
      "link": true
    },
    "packages/kotlinx-serialization-csv-core": {
      "version": "0.0.0-unspecified",
      "devDependencies": {}
    },
    "packages/kotlinx-serialization-csv-core-test": {
      "version": "0.0.0-unspecified",
      "devDependencies": {}
    }
  }
}
