{
  "name": "kotlinx-serialization-csv-flf",
  "version": "unspecified",
  "lockfileVersion": 3,
  "requires": true,
  "packages": {
    "": {
      "name": "kotlinx-serialization-csv-flf",
      "version": "unspecified",
      "workspaces": [
        "packages/kotlinx-serialization-csv-flf-kotlinx-serialization-csv",
        "packages/kotlinx-serialization-csv-flf-kotlinx-serialization-csv-test",
        "packages/kotlinx-serialization-csv-flf-kotlinx-serialization-flf",
        "packages/kotlinx-serialization-csv-flf-kotlinx-serialization-flf-test",
        "packages_imported/Kotlin-DateTime-library-kotlinx-datetime-wasm-js/0.6.2"
      ],
      "devDependencies": {}
    },
    "node_modules/@js-joda/core": {
      "version": "3.2.0",
      "resolved": "https://registry.npmjs.org/@js-joda/core/-/core-3.2.0.tgz",
      "integrity": "sha512-PMqgJ0sw5B7FKb2d5bWYIoxjri+QlW/Pys7+Rw82jSH0QN3rB05jZ/VrrsUdh1w4+i2kw9JOejXGq/KhDOX7Kg=="
    },
    "node_modules/format-util": {
      "version": "1.0.5",
      "resolved": "https://registry.npmjs.org/format-util/-/format-util-1.0.5.tgz",
      "integrity": "sha512-varLbTj0e0yVyRpqQhuWV+8hlePAgaoFRhNFj50BNjEIrw1/DphHSObtqwskVCPWNgzwPoQrZAbfa/SBiicNeg=="
    },
    "node_modules/Kotlin-DateTime-library-kotlinx-datetime-wasm-js": {
      "resolved": "packages_imported/Kotlin-DateTime-library-kotlinx-datetime-wasm-js/0.6.2",
      "link": true
    },
    "node_modules/kotlinx-serialization-csv-flf-kotlinx-serialization-csv": {
      "resolved": "packages/kotlinx-serialization-csv-flf-kotlinx-serialization-csv",
      "link": true
    },
    "node_modules/kotlinx-serialization-csv-flf-kotlinx-serialization-csv-test": {
      "resolved": "packages/kotlinx-serialization-csv-flf-kotlinx-serialization-csv-test",
      "link": true
    },
    "node_modules/kotlinx-serialization-csv-flf-kotlinx-serialization-flf": {
      "resolved": "packages/kotlinx-serialization-csv-flf-kotlinx-serialization-flf",
      "link": true
    },
    "node_modules/kotlinx-serialization-csv-flf-kotlinx-serialization-flf-test": {
      "resolved": "packages/kotlinx-serialization-csv-flf-kotlinx-serialization-flf-test",
      "link": true
    },
    "packages_imported/Kotlin-DateTime-library-kotlinx-datetime-wasm-js/0.6.2": {
      "name": "Kotlin-DateTime-library-kotlinx-datetime-wasm-js",
      "version": "0.6.2",
      "dependencies": {
        "@js-joda/core": "3.2.0",
        "format-util": "^1.0.5"
      },
      "devDependencies": {}
    },
    "packages/kotlinx-serialization-csv-flf-kotlinx-serialization-csv": {
      "version": "0.0.0-unspecified",
      "devDependencies": {}
    },
    "packages/kotlinx-serialization-csv-flf-kotlinx-serialization-csv-test": {
      "version": "0.0.0-unspecified",
      "dependencies": {
        "@js-joda/core": "3.2.0",
        "format-util": "^1.0.5"
      },
      "devDependencies": {}
    },
    "packages/kotlinx-serialization-csv-flf-kotlinx-serialization-flf": {
      "version": "0.0.0-unspecified",
      "devDependencies": {}
    },
    "packages/kotlinx-serialization-csv-flf-kotlinx-serialization-flf-test": {
      "version": "0.0.0-unspecified",
      "dependencies": {
        "@js-joda/core": "3.2.0",
        "format-util": "^1.0.5"
      },
      "devDependencies": {}
    }
  }
}
